
Microsoft Visual Studio Solution File, Format Version 12.00
# Visual Studio Version 16
VisualStudioVersion = 16.0.30309.148
MinimumVisualStudioVersion = 10.0.40219.1
Project("{FAE04EC0-301F-11D3-BF4B-00C04F79EFBC}") = "UpCataas", "UpCataas\UpCataas.csproj", "{9FE10807-D0DA-402E-8A65-0E51CF2C87F8}"
EndProject
Project("{FAE04EC0-301F-11D3-BF4B-00C04F79EFBC}") = "UpCataas.Test", "UpCataas.Test\UpCataas.Test.csproj", "{AAA2CCAE-1AE2-4163-A7CC-97335FC97109}"
EndProject
Global
	GlobalSection(SolutionConfigurationPlatforms) = preSolution
		Debug|Any CPU = Debug|Any CPU
		Release|Any CPU = Release|Any CPU
	EndGlobalSection
	GlobalSection(ProjectConfigurationPlatforms) = postSolution
		{9FE10807-D0DA-402E-8A65-0E51CF2C87F8}.Debug|Any CPU.ActiveCfg = Debug|Any CPU
		{9FE10807-D0DA-402E-8A65-0E51CF2C87F8}.Debug|Any CPU.Build.0 = Debug|Any CPU
		{9FE10807-D0DA-402E-8A65-0E51CF2C87F8}.Release|Any CPU.ActiveCfg = Release|Any CPU
		{9FE10807-D0DA-402E-8A65-0E51CF2C87F8}.Release|Any CPU.Build.0 = Release|Any CPU
		{AAA2CCAE-1AE2-4163-A7CC-97335FC97109}.Debug|Any CPU.ActiveCfg = Debug|Any CPU
		{AAA2CCAE-1AE2-4163-A7CC-97335FC97109}.Debug|Any CPU.Build.0 = Debug|Any CPU
		{AAA2CCAE-1AE2-4163-A7CC-97335FC97109}.Release|Any CPU.ActiveCfg = Release|Any CPU
		{AAA2CCAE-1AE2-4163-A7CC-97335FC97109}.Release|Any CPU.Build.0 = Release|Any CPU
	EndGlobalSection
	GlobalSection(SolutionProperties) = preSolution
		HideSolutionNode = FALSE
	EndGlobalSection
	GlobalSection(ExtensibilityGlobals) = postSolution
		SolutionGuid = {ED889E34-C323-4B72-85FD-2CF0C9B36A5C}
	EndGlobalSection
EndGlobal
